Microsoft Visual Studio Solution File, Format Version 11.00
# Visual Studio 2008

Project("{B016F48D-898C-745B-E5EF-382254224582}") = "chess", "Assembly-CSharp-firstpass.csproj", "{1009F5B0-54C5-6A4A-EEA9-8BB2F1164E5A}"
EndProject
Project("{B016F48D-898C-745B-E5EF-382254224582}") = "chess", "Assembly-CSharp.csproj", "{8DFB1D3F-3255-1DF3-6A5F-F2546B9D6B6B}"
EndProject
Project("{B016F48D-898C-745B-E5EF-382254224582}") = "chess", "Assembly-CSharp-Editor.csproj", "{672B5692-9542-EEAB-6534-047AA1065106}"
EndProject
Global
	GlobalSection(SolutionConfigurationPlatforms) = preSolution
		Debug|Any CPU = Debug|Any CPU
		Release|Any CPU = Release|Any CPU
	EndGlobalSection
	GlobalSection(ProjectConfigurationPlatforms) = postSolution
		{1009F5B0-54C5-6A4A-EEA9-8BB2F1164E5A}.Debug|Any CPU.ActiveCfg = Debug|Any CPU
		{1009F5B0-54C5-6A4A-EEA9-8BB2F1164E5A}.Debug|Any CPU.Build.0 = Debug|Any CPU
		{1009F5B0-54C5-6A4A-EEA9-8BB2F1164E5A}.Release|Any CPU.ActiveCfg = Release|Any CPU
		{1009F5B0-54C5-6A4A-EEA9-8BB2F1164E5A}.Release|Any CPU.Build.0 = Release|Any CPU
		{8DFB1D3F-3255-1DF3-6A5F-F2546B9D6B6B}.Debug|Any CPU.ActiveCfg = Debug|Any CPU
		{8DFB1D3F-3255-1DF3-6A5F-F2546B9D6B6B}.Debug|Any CPU.Build.0 = Debug|Any CPU
		{8DFB1D3F-3255-1DF3-6A5F-F2546B9D6B6B}.Release|Any CPU.ActiveCfg = Release|Any CPU
		{8DFB1D3F-3255-1DF3-6A5F-F2546B9D6B6B}.Release|Any CPU.Build.0 = Release|Any CPU
		{672B5692-9542-EEAB-6534-047AA1065106}.Debug|Any CPU.ActiveCfg = Debug|Any CPU
		{672B5692-9542-EEAB-6534-047AA1065106}.Debug|Any CPU.Build.0 = Debug|Any CPU
		{672B5692-9542-EEAB-6534-047AA1065106}.Release|Any CPU.ActiveCfg = Release|Any CPU
		{672B5692-9542-EEAB-6534-047AA1065106}.Release|Any CPU.Build.0 = Release|Any CPU
	EndGlobalSection
	GlobalSection(SolutionProperties) = preSolution
		HideSolutionNode = FALSE
	EndGlobalSection
	GlobalSection(MonoDevelopProperties) = preSolution
		StartupItem = Assembly-CSharp.csproj
	EndGlobalSection
EndGlobal
